
Microsoft Visual Studio Solution File, Format Version 12.00
# Visual Studio Version 16
VisualStudioVersion = 16.0.30503.244
MinimumVisualStudioVersion = 10.0.40219.1
Project("{FAE04EC0-301F-11D3-BF4B-00C04F79EFBC}") = "JamesWhittonWk7MultDB", "JamesWhittonWk7MultDB\JamesWhittonWk7MultDB.csproj", "{9E88B662-C18E-43B3-AAB0-F0B9EFEF027B}"
EndProject
Global
	GlobalSection(SolutionConfigurationPlatforms) = preSolution
		Debug|Any CPU = Debug|Any CPU
		Release|Any CPU = Release|Any CPU
	EndGlobalSection
	GlobalSection(ProjectConfigurationPlatforms) = postSolution
		{9E88B662-C18E-43B3-AAB0-F0B9EFEF027B}.Debug|Any CPU.ActiveCfg = Debug|Any CPU
		{9E88B662-C18E-43B3-AAB0-F0B9EFEF027B}.Debug|Any CPU.Build.0 = Debug|Any CPU
		{9E88B662-C18E-43B3-AAB0-F0B9EFEF027B}.Release|Any CPU.ActiveCfg = Release|Any CPU
		{9E88B662-C18E-43B3-AAB0-F0B9EFEF027B}.Release|Any CPU.Build.0 = Release|Any CPU
	EndGlobalSection
	GlobalSection(SolutionProperties) = preSolution
		HideSolutionNode = FALSE
	EndGlobalSection
	GlobalSection(ExtensibilityGlobals) = postSolution
		SolutionGuid = {7E89AAC1-F1C4-4CA8-B096-879290E104D1}
	EndGlobalSection
EndGlobal
